{
  "version": 4,
  "terraform_version": "1.15.8",
  "serial": 24,
  "lineage": "553ac0d2-f42b-7488-ff3a-872ddfb881c6",
  "outputs": {},
  "resources": [
    {
      "module": "module.glue_catalog",
      "mode": "managed",
      "type": "aws_glue_catalog_database",
      "name": "lakehouse_db",
      "provider": "provider[\"registry.terraform.io/hashicorp/aws\"]",
      "instances": [
        {
          "schema_version": 0,
          "attributes": {
            "arn": "arn:aws:glue:us-east-1:326998154370:database/lakehouse_dev",
            "catalog_id": "326998154370",
            "create_table_default_permission": [
              {
                "permissions": [
                  "ALL"
                ],
                "principal": [
                  {
                    "data_lake_principal_identifier": "IAM_ALLOWED_PRINCIPALS"
                  }
                ]
              }
            ],
            "description": "",
            "federated_database": [],
            "id": "326998154370:lakehouse_dev",
            "location_uri": "",
            "name": "lakehouse_dev",
            "parameters": {},
            "region": "us-east-1",
            "tags": {},
            "tags_all": {},
            "target_database": []
          },
          "sensitive_attributes": [],
          "identity_schema_version": 0,
          "private": "bnVsbA=="
        }
      ]
    },
    {
      "module": "module.iam_role",
      "mode": "data",
      "type": "aws_iam_policy_document",
      "name": "flink_assume_role",
      "provider": "provider[\"registry.terraform.io/hashicorp/aws\"]",
      "instances": [
        {
          "schema_version": 0,
          "attributes": {
            "id": "1895348101",
            "json": "{\n  \"Version\": \"2012-10-17\",\n  \"Statement\": [\n    {\n      \"Effect\": \"Allow\",\n      \"Action\": \"sts:AssumeRole\",\n      \"Principal\": {\n        \"Service\": [\n          \"ecs-tasks.amazonaws.com\",\n          \"ec2.amazonaws.com\"\n        ]\n      }\n    }\n  ]\n}",
            "minified_json": "{\"Version\":\"2012-10-17\",\"Statement\":[{\"Effect\":\"Allow\",\"Action\":\"sts:AssumeRole\",\"Principal\":{\"Service\":[\"ecs-tasks.amazonaws.com\",\"ec2.amazonaws.com\"]}}]}",
            "override_json": null,
            "override_policy_documents": null,
            "policy_id": null,
            "source_json": null,
            "source_policy_documents": null,
            "statement": [
              {
                "actions": [
                  "sts:AssumeRole"
                ],
                "condition": [],
                "effect": "Allow",
                "not_actions": [],
                "not_principals": [],
                "not_resources": [],
                "principals": [
                  {
                    "identifiers": [
                      "ec2.amazonaws.com",
                      "ecs-tasks.amazonaws.com"
                    ],
                    "type": "Service"
                  }
                ],
                "resources": [],
                "sid": ""
              }
            ],
            "version": "2012-10-17"
          },
          "sensitive_attributes": [],
          "identity_schema_version": 0
        }
      ]
    },
    {
      "module": "module.iam_role",
      "mode": "managed",
      "type": "aws_iam_role",
      "name": "flink_role",
      "provider": "provider[\"registry.terraform.io/hashicorp/aws\"]",
      "instances": [
        {
          "schema_version": 0,
          "attributes": {
            "arn": "arn:aws:iam::326998154370:role/infraestructura-transporte-dev-flink-role",
            "assume_role_policy": "{\"Statement\":[{\"Action\":\"sts:AssumeRole\",\"Effect\":\"Allow\",\"Principal\":{\"Service\":[\"ecs-tasks.amazonaws.com\",\"ec2.amazonaws.com\"]}}],\"Version\":\"2012-10-17\"}",
            "create_date": "2026-08-30T21:00:09Z",
            "description": "",
            "force_detach_policies": false,
            "id": "infraestructura-transporte-dev-flink-role",
            "inline_policy": [
              {
                "name": "terraform-a093bf73d3af48d9d6c3971143",
                "policy": "{\"Version\":\"2012-10-17\",\"Statement\":[{\"Action\":[\"glue:GetTable\",\"glue:UpdateTable\",\"glue:CreateTable\",\"s3:PutObject\",\"s3:GetObject\",\"s3:ListBucket\"],\"Effect\":\"Allow\",\"Resource\":[\"arn:aws:s3:::infraestructura-data-lakehouse-dev-lakehouse\",\"arn:aws:s3:::infraestructura-data-lakehouse-dev-lakehouse/*\",\"arn:aws:glue:*:*:database/lakehouse_dev\"]}]}"
              }
            ],
            "managed_policy_arns": [],
            "max_session_duration": 3600,
            "name": "infraestructura-transporte-dev-flink-role",
            "name_prefix": "",
            "path": "/",
            "permissions_boundary": "",
            "tags": {},
            "tags_all": {},
            "unique_id": "AROAUYIU33SBH3LBQ3YYK"
          },
          "sensitive_attributes": [],
          "identity_schema_version": 0,
          "identity": {
            "account_id": "326998154370",
            "name": "infraestructura-transporte-dev-flink-role"
          },
          "private": "bnVsbA==",
          "dependencies": [
            "module.iam_role.data.aws_iam_policy_document.flink_assume_role"
          ]
        }
      ]
    },
    {
      "module": "module.iam_role",
      "mode": "managed",
      "type": "aws_iam_role",
      "name": "redshift_role",
      "provider": "provider[\"registry.terraform.io/hashicorp/aws\"]",
      "instances": [
        {
          "schema_version": 0,
          "attributes": {
            "arn": "arn:aws:iam::326998154370:role/infraestructura-transporte-dev-redshift-role",
            "assume_role_policy": "{\"Statement\":[{\"Action\":\"sts:AssumeRole\",\"Effect\":\"Allow\",\"Principal\":{\"Service\":\"redshift.amazonaws.com\"}}],\"Version\":\"2012-10-17\"}",
            "create_date": "2026-09-08T04:46:14Z",
            "description": "",
            "force_detach_policies": false,
            "id": "infraestructura-transporte-dev-redshift-role",
            "inline_policy": [
              {
                "name": "terraform-1230668e1fe0f433ab92126a94",
                "policy": "{\"Version\":\"2012-10-17\",\"Statement\":[{\"Action\":[\"kinesis:GetRecords\",\"kinesis:GetShardIterator\",\"kinesis:DescribeStream\"],\"Effect\":\"Allow\",\"Resource\":\"arn:aws:kinesis:us-east-1:326998154370:stream/infraestructura-transporte-kinesis-aws-dev-event-stream\"},{\"Action\":[\"glue:GetDatabase\",\"glue:GetTable\",\"glue:GetPartitions\"],\"Effect\":\"Allow\",\"Resource\":\"*\"}]}"
              }
            ],
            "managed_policy_arns": [],
            "max_session_duration": 3600,
            "name": "infraestructura-transporte-dev-redshift-role",
            "name_prefix": "",
            "path": "/",
            "permissions_boundary": "",
            "tags": {},
            "tags_all": {},
            "unique_id": "AROAUYIU33SBDF5GAQVVY"
          },
          "sensitive_attributes": [],
          "identity_schema_version": 0,
          "identity": {
            "account_id": "326998154370",
            "name": "infraestructura-transporte-dev-redshift-role"
          },
          "private": "bnVsbA=="
        }
      ]
    },
    {
      "module": "module.iam_role",
      "mode": "managed",
      "type": "aws_iam_role_policy",
      "name": "flink_policy",
      "provider": "provider[\"registry.terraform.io/hashicorp/aws\"]",
      "instances": [
        {
          "schema_version": 0,
          "attributes": {
            "id": "infraestructura-transporte-dev-flink-role:terraform-a093bf73d3af48d9d6c3971143",
            "name": "terraform-a093bf73d3af48d9d6c3971143",
            "name_prefix": "terraform-",
            "policy": "{\"Version\":\"2012-10-17\",\"Statement\":[{\"Action\":[\"glue:GetTable\",\"glue:UpdateTable\",\"glue:CreateTable\",\"s3:PutObject\",\"s3:GetObject\",\"s3:ListBucket\"],\"Effect\":\"Allow\",\"Resource\":[\"arn:aws:s3:::infraestructura-data-lakehouse-dev-lakehouse\",\"arn:aws:s3:::infraestructura-data-lakehouse-dev-lakehouse/*\",\"arn:aws:glue:*:*:database/lakehouse_dev\"]}]}",
            "role": "infraestructura-transporte-dev-flink-role"
          },
          "sensitive_attributes": [],
          "identity_schema_version": 0,
          "identity": {
            "account_id": "326998154370",
            "name": "terraform-a093bf73d3af48d9d6c3971143",
            "role": "infraestructura-transporte-dev-flink-role"
          },
          "private": "bnVsbA==",
          "dependencies": [
            "module.glue_catalog.aws_glue_catalog_database.lakehouse_db",
            "module.iam_role.aws_iam_role.flink_role",
            "module.iam_role.data.aws_iam_policy_document.flink_assume_role",
            "module.s3_lakehouse.aws_s3_bucket.lakehouse_s3"
          ]
        }
      ]
    },
    {
      "module": "module.iam_role",
      "mode": "managed",
      "type": "aws_iam_role_policy",
      "name": "redshift_policy",
      "provider": "provider[\"registry.terraform.io/hashicorp/aws\"]",
      "instances": [
        {
          "schema_version": 0,
          "attributes": {
            "id": "infraestructura-transporte-dev-redshift-role:terraform-1230668e1fe0f433ab92126a94",
            "name": "terraform-1230668e1fe0f433ab92126a94",
            "name_prefix": "terraform-",
            "policy": "{\"Version\":\"2012-10-17\",\"Statement\":[{\"Action\":[\"kinesis:GetRecords\",\"kinesis:GetShardIterator\",\"kinesis:DescribeStream\"],\"Effect\":\"Allow\",\"Resource\":\"arn:aws:kinesis:us-east-1:326998154370:stream/infraestructura-transporte-kinesis-aws-dev-event-stream\"},{\"Action\":[\"glue:GetDatabase\",\"glue:GetTable\",\"glue:GetPartitions\"],\"Effect\":\"Allow\",\"Resource\":\"*\"}]}",
            "role": "infraestructura-transporte-dev-redshift-role"
          },
          "sensitive_attributes": [],
          "identity_schema_version": 0,
          "identity": {
            "account_id": "326998154370",
            "name": "terraform-1230668e1fe0f433ab92126a94",
            "role": "infraestructura-transporte-dev-redshift-role"
          },
          "private": "bnVsbA==",
          "dependencies": [
            "module.iam_role.aws_iam_role.redshift_role"
          ]
        }
      ]
    },
    {
      "module": "module.iceberg_table",
      "mode": "managed",
      "type": "aws_glue_catalog_table",
      "name": "iceberg_table",
      "provider": "provider[\"registry.terraform.io/hashicorp/aws\"]",
      "instances": [
        {
          "schema_version": 0,
          "attributes": {
            "arn": "arn:aws:glue:us-east-1:326998154370:table/lakehouse_dev/trasporte_table",
            "catalog_id": "326998154370",
            "database_name": "lakehouse_dev",
            "description": "",
            "id": "326998154370:lakehouse_dev:trasporte_table",
            "name": "trasporte_table",
            "open_table_format_input": [],
            "owner": "",
            "parameters": {
              "write_target_data_file_format": "parquet",
              "write_target_manifest_file_format": "avro",
              "write_target_metadata_file_format": "avro"
            },
            "partition_index": [],
            "partition_keys": [],
            "region": "us-east-1",
            "retention": 0,
            "storage_descriptor": [
              {
                "additional_locations": [],
                "bucket_columns": [],
                "columns": [
                  {
                    "comment": "",
                    "name": "id_transporte",
                    "parameters": {},
                    "type": "string"
                  },
                  {
                    "comment": "",
                    "name": "fecha_evento",
                    "parameters": {},
                    "type": "timestamp"
                  },
                  {
                    "comment": "",
                    "name": "ubicacion",
                    "parameters": {},
                    "type": "string"
                  }
                ],
                "compressed": false,
                "input_format": "org.apache.iceberg.mr.hive.HiveIcebergInputFormat",
                "location": "s3://infraestructura-data-lakehouse-dev-lakehouse/trasporte_table/",
                "number_of_buckets": 0,
                "output_format": "org.apache.iceberg.mr.hive.HiveIcebergOutputFormat",
                "parameters": {},
                "schema_reference": [],
                "ser_de_info": [
                  {
                    "name": "trasporte_table",
                    "parameters": {},
                    "serialization_library": "org.apache.iceberg.mr.hive.HiveIcebergSerDe"
                  }
                ],
                "skewed_info": [],
                "sort_columns": [],
                "stored_as_sub_directories": false
              }
            ],
            "table_type": "EXTERNAL TABLE",
            "target_table": [],
            "view_definition": [],
            "view_expanded_text": "",
            "view_original_text": ""
          },
          "sensitive_attributes": [],
          "identity_schema_version": 0,
          "private": "bnVsbA==",
          "dependencies": [
            "module.glue_catalog.aws_glue_catalog_database.lakehouse_db",
            "module.s3_lakehouse.aws_s3_bucket.lakehouse_s3"
          ]
        }
      ]
    },
    {
      "module": "module.redshift",
      "mode": "managed",
      "type": "aws_redshiftserverless_namespace",
      "name": "redshift_namespace",
      "provider": "provider[\"registry.terraform.io/hashicorp/aws\"]",
      "instances": [
        {
          "schema_version": 0,
          "attributes": {
            "admin_password_secret_arn": "",
            "admin_password_secret_kms_key_id": "",
            "admin_user_password": "DiegoEngi2026!",
            "admin_user_password_wo": null,
            "admin_user_password_wo_version": null,
            "admin_username": "admin",
            "arn": "arn:aws:redshift-serverless:us-east-1:326998154370:namespace/515ec06f-70cc-4246-ad24-d82f23f7902c",
            "db_name": "dev",
            "default_iam_role_arn": "",
            "iam_roles": [
              "arn:aws:iam::326998154370:role/infraestructura-transporte-dev-redshift-role"
            ],
            "id": "lakehouse-namespace",
            "kms_key_id": "AWS_OWNED_KMS_KEY",
            "log_exports": [],
            "manage_admin_password": null,
            "namespace_id": "515ec06f-70cc-4246-ad24-d82f23f7902c",
            "namespace_name": "lakehouse-namespace",
            "region": "us-east-1",
            "tags": {},
            "tags_all": {}
          },
          "sensitive_attributes": [
            [
              {
                "type": "get_attr",
                "value": "admin_user_password"
              }
            ],
            [
              {
                "type": "get_attr",
                "value": "admin_username"
              }
            ]
          ],
          "identity_schema_version": 0,
          "private": "bnVsbA==",
          "dependencies": [
            "module.iam_role.aws_iam_role.redshift_role"
          ]
        }
      ]
    },
    {
      "module": "module.redshift",
      "mode": "managed",
      "type": "aws_redshiftserverless_workgroup",
      "name": "redshift_workgroup",
      "provider": "provider[\"registry.terraform.io/hashicorp/aws\"]",
      "instances": [
        {
          "schema_version": 0,
          "attributes": {
            "arn": "arn:aws:redshift-serverless:us-east-1:326998154370:workgroup/ab97d612-6fc5-4706-b658-637ded0abfea",
            "base_capacity": 32,
            "config_parameter": [
              {
                "parameter_key": "auto_mv",
                "parameter_value": "true"
              },
              {
                "parameter_key": "datestyle",
                "parameter_value": "ISO, MDY"
              },
              {
                "parameter_key": "enable_case_sensitive_identifier",
                "parameter_value": "false"
              },
              {
                "parameter_key": "enable_user_activity_logging",
                "parameter_value": "true"
              },
              {
                "parameter_key": "max_query_execution_time",
                "parameter_value": "14400"
              },
              {
                "parameter_key": "query_group",
                "parameter_value": "default"
              },
              {
                "parameter_key": "require_ssl",
                "parameter_value": "true"
              },
              {
                "parameter_key": "search_path",
                "parameter_value": "$user, public"
              },
              {
                "parameter_key": "use_fips_ssl",
                "parameter_value": "false"
              }
            ],
            "endpoint": [
              {
                "address": "lakehoouse-workgroup.326998154370.us-east-1.redshift-serverless.amazonaws.com",
                "port": 5439,
                "vpc_endpoint": [
                  {
                    "network_interface": [
                      {
                        "availability_zone": "us-east-1b",
                        "network_interface_id": "eni-06a4293af90bf5fa9",
                        "private_ip_address": "172.31.81.85",
                        "subnet_id": "subnet-07ccb9a4a1741e24b"
                      },
                      {
                        "availability_zone": "us-east-1c",
                        "network_interface_id": "eni-0945fb1cbd020a5f1",
                        "private_ip_address": "172.31.21.226",
                        "subnet_id": "subnet-0fbf3ff727af6f928"
                      },
                      {
                        "availability_zone": "us-east-1a",
                        "network_interface_id": "eni-0df2c0d743ac44c4c",
                        "private_ip_address": "172.31.2.254",
                        "subnet_id": "subnet-01c519c0c7eaed89a"
                      }
                    ],
                    "vpc_endpoint_id": "vpce-0c9f7912a0bde94c3",
                    "vpc_id": "vpc-09fdc7fe9d498b411"
                  }
                ]
              }
            ],
            "enhanced_vpc_routing": false,
            "id": "lakehoouse-workgroup",
            "max_capacity": 0,
            "namespace_name": "lakehouse-namespace",
            "port": 5439,
            "price_performance_target": [
              {
                "enabled": false,
                "level": 0
              }
            ],
            "publicly_accessible": false,
            "region": "us-east-1",
            "security_group_ids": [
              "sg-0de6946fd1b77798b"
            ],
            "subnet_ids": [
              "subnet-01c519c0c7eaed89a",
              "subnet-078cfc85dc8b65641",
              "subnet-07ccb9a4a1741e24b",
              "subnet-0b12be9b438713050",
              "subnet-0f1ba8e523b49a2e6",
              "subnet-0fbf3ff727af6f928"
            ],
            "tags": {},
            "tags_all": {},
            "timeouts": null,
            "track_name": "current",
            "workgroup_id": "ab97d612-6fc5-4706-b658-637ded0abfea",
            "workgroup_name": "lakehoouse-workgroup"
          },
          "sensitive_attributes": [],
          "identity_schema_version": 0,
          "private": "eyJlMmJmYjczMC1lY2FhLTExZTYtOGY4OC0zNDM2M2JjN2M0YzAiOnsiY3JlYXRlIjoxMjAwMDAwMDAwMDAwLCJkZWxldGUiOjEyMDAwMDAwMDAwMDAsInVwZGF0ZSI6MTIwMDAwMDAwMDAwMH19",
          "dependencies": [
            "module.iam_role.aws_iam_role.redshift_role",
            "module.redshift.aws_redshiftserverless_namespace.redshift_namespace"
          ]
        }
      ]
    },
    {
      "module": "module.s3_lakehouse",
      "mode": "managed",
      "type": "aws_s3_bucket",
      "name": "lakehouse_s3",
      "provider": "provider[\"registry.terraform.io/hashicorp/aws\"]",
      "instances": [
        {
          "schema_version": 0,
          "attributes": {
            "acceleration_status": "",
            "acl": null,
            "arn": "arn:aws:s3:::infraestructura-data-lakehouse-dev-lakehouse",
            "bucket": "infraestructura-data-lakehouse-dev-lakehouse",
            "bucket_domain_name": "infraestructura-data-lakehouse-dev-lakehouse.s3.amazonaws.com",
            "bucket_namespace": "global",
            "bucket_prefix": "",
            "bucket_region": "us-east-1",
            "bucket_regional_domain_name": "infraestructura-data-lakehouse-dev-lakehouse.s3.us-east-1.amazonaws.com",
            "cors_rule": [],
            "force_destroy": false,
            "grant": [
              {
                "id": "229ab7da9e4f5ebf51a02f37ae2edd1de254e8f6408284343126df1d814223c8",
                "permissions": [
                  "FULL_CONTROL"
                ],
                "type": "CanonicalUser",
                "uri": ""
              }
            ],
            "hosted_zone_id": "Z3AQBSTGFYJSTF",
            "id": "infraestructura-data-lakehouse-dev-lakehouse",
            "lifecycle_rule": [],
            "logging": [],
            "object_lock_configuration": [],
            "object_lock_enabled": false,
            "policy": "",
            "region": "us-east-1",
            "replication_configuration": [],
            "request_payer": "BucketOwner",
            "server_side_encryption_configuration": [
              {
                "rule": [
                  {
                    "apply_server_side_encryption_by_default": [
                      {
                        "kms_master_key_id": "",
                        "sse_algorithm": "AES256"
                      }
                    ],
                    "bucket_key_enabled": false
                  }
                ]
              }
            ],
            "tags": {
              "Environment": "dev",
              "Project": "infraestructura-data-lakehouse"
            },
            "tags_all": {
              "Environment": "dev",
              "Project": "infraestructura-data-lakehouse"
            },
            "timeouts": null,
            "versioning": [
              {
                "enabled": true,
                "mfa_delete": false
              }
            ],
            "website": [],
            "website_domain": null,
            "website_endpoint": null
          },
          "sensitive_attributes": [],
          "identity_schema_version": 0,
          "identity": {
            "account_id": "326998154370",
            "bucket": "infraestructura-data-lakehouse-dev-lakehouse",
            "region": "us-east-1"
          },
          "private": "eyJlMmJmYjczMC1lY2FhLTExZTYtOGY4OC0zNDM2M2JjN2M0YzAiOnsiY3JlYXRlIjoxMjAwMDAwMDAwMDAwLCJkZWxldGUiOjM2MDAwMDAwMDAwMDAsInJlYWQiOjEyMDAwMDAwMDAwMDAsInVwZGF0ZSI6MTIwMDAwMDAwMDAwMH19"
        }
      ]
    },
    {
      "module": "module.s3_lakehouse",
      "mode": "managed",
      "type": "aws_s3_bucket_versioning",
      "name": "lakehouse_s3_version",
      "provider": "provider[\"registry.terraform.io/hashicorp/aws\"]",
      "instances": [
        {
          "schema_version": 0,
          "attributes": {
            "bucket": "infraestructura-data-lakehouse-dev-lakehouse",
            "expected_bucket_owner": "",
            "id": "infraestructura-data-lakehouse-dev-lakehouse",
            "mfa": null,
            "region": "us-east-1",
            "versioning_configuration": [
              {
                "mfa_delete": "Disabled",
                "status": "Enabled"
              }
            ]
          },
          "sensitive_attributes": [],
          "identity_schema_version": 1,
          "identity": {
            "account_id": "326998154370",
            "bucket": "infraestructura-data-lakehouse-dev-lakehouse",
            "region": "us-east-1"
          },
          "private": "bnVsbA==",
          "dependencies": [
            "module.s3_lakehouse.aws_s3_bucket.lakehouse_s3"
          ]
        }
      ]
    }
  ],
  "check_results": null
}
